// !$*UTF8*$!
{
	archiveVersion = 1;
	classes = {
	};
	objectVersion = 77;
	objects = {

/* Begin PBXContainerItemProxy section */
		F0D883A12C9E1A8800519913 /* PBXContainerItemProxy */ = {
			isa = PBXContainerItemProxy;
			containerPortal = F0D883822C9E1A8400519913 /* Project object */;
			proxyType = 1;
			remoteGlobalIDString = F0D883892C9E1A8500519913;
			remoteInfo = RestaurantiTi;
		};
		F0D883AB2C9E1A8800519913 /* PBXContainerItemProxy */ = {
			isa = PBXContainerItemProxy;
			containerPortal = F0D883822C9E1A8400519913 /* Project object */;
			proxyType = 1;
			remoteGlobalIDString = F0D883892C9E1A8500519913;
			remoteInfo = RestaurantiTi;
		};
/* End PBXContainerItemProxy section */

/* Begin PBXFileReference section */
		F0D8838A2C9E1A8500519913 /* RestaurantiTi.app */ = {isa = PBXFileReference; explicitFileType = wrapper.application; includeInIndex = 0; path = RestaurantiTi.app; sourceTree = BUILT_PRODUCTS_DIR; };
		F0D883A02C9E1A8800519913 /* RestaurantiTiTests.xctest */ = {isa = PBXFileReference; explicitFileType = wrapper.cfbundle; includeInIndex = 0; path = RestaurantiTiTests.xctest; sourceTree = BUILT_PRODUCTS_DIR; };
		F0D883AA2C9E1A8800519913 /* RestaurantiTiUITests.xctest */ = {isa = PBXFileReference; explicitFileType = wrapper.cfbundle; includeInIndex = 0; path = RestaurantiTiUITests.xctest; sourceTree = BUILT_PRODUCTS_DIR; };
/* End PBXFileReference section */

/* Begin PBXFileSystemSynchronizedBuildFileExceptionSet section */
		F0D883B22C9E1A8800519913 /* Exceptions for "RestaurantiTi" folder in "RestaurantiTi" target */ = {
			isa = PBXFileSystemSynchronizedBuildFileExceptionSet;
			membershipExceptions = (
				Info.plist,
			);
			target = F0D883892C9E1A8500519913 /* RestaurantiTi */;
		};
/* End PBXFileSystemSynchronizedBuildFileExceptionSet section */

/* Begin PBXFileSystemSynchronizedRootGroup section */
		F0D8838C2C9E1A8500519913 /* RestaurantiTi */ = {
			isa = PBXFileSystemSynchronizedRootGroup;
			exceptions = (
				F0D883B22C9E1A8800519913 /* Exceptions for "RestaurantiTi" folder in "RestaurantiTi" target */,
			);
			path = RestaurantiTi;
			sourceTree = "<group>";
		};
		F0D883A32C9E1A8800519913 /* RestaurantiTiTests */ = {
			isa = PBXFileSystemSynchronizedRootGroup;
			path = RestaurantiTiTests;
			sourceTree = "<group>";
		};
		F0D883AD2C9E1A8800519913 /* RestaurantiTiUITests */ = {
			isa = PBXFileSystemSynchronizedRootGroup;
			path = RestaurantiTiUITests;
			sourceTree = "<group>";
		};
/* End PBXFileSystemSynchronizedRootGroup section */

/* Begin PBXFrameworksBuildPhase section */
		F0D883872C9E1A8500519913 /* Frameworks */ = {
			isa = PBXFrameworksBuildPhase;
			buildActionMask = 2147483647;
			files = (
			);
			runOnlyForDeploymentPostprocessing = 0;
		};
		F0D8839D2C9E1A8800519913 /* Frameworks */ = {
			isa = PBXFrameworksBuildPhase;
			buildActionMask = 2147483647;
			files = (
			);
			runOnlyForDeploymentPostprocessing = 0;
		};
		F0D883A72C9E1A8800519913 /* Frameworks */ = {
			isa = PBXFrameworksBuildPhase;
			buildActionMask = 2147483647;
			files = (
			);
			runOnlyForDeploymentPostprocessing = 0;
		};
/* End PBXFrameworksBuildPhase section */

/* Begin PBXGroup section */
		F0D883812C9E1A8400519913 = {
			isa = PBXGroup;
			children = (
				F0D8838C2C9E1A8500519913 /* RestaurantiTi */,
				F0D883A32C9E1A8800519913 /* RestaurantiTiTests */,
				F0D883AD2C9E1A8800519913 /* RestaurantiTiUITests */,
				F0D8838B2C9E1A8500519913 /* Products */,
			);
			sourceTree = "<group>";
		};
		F0D8838B2C9E1A8500519913 /* Products */ = {
			isa = PBXGroup;
			children = (
				F0D8838A2C9E1A8500519913 /* RestaurantiTi.app */,
				F0D883A02C9E1A8800519913 /* RestaurantiTiTests.xctest */,
				F0D883AA2C9E1A8800519913 /* RestaurantiTiUITests.xctest */,
			);
			name = Products;
			sourceTree = "<group>";
		};
/* End PBXGroup section */

/* Begin PBXNativeTarget section */
		F0D883892C9E1A8500519913 /* RestaurantiTi */ = {
			isa = PBXNativeTarget;
			buildConfigurationList = F0D883B32C9E1A8800519913 /* Build configuration list for PBXNativeTarget "RestaurantiTi" */;
			buildPhases = (
				F0D883862C9E1A8500519913 /* Sources */,
				F0D883872C9E1A8500519913 /* Frameworks */,
				F0D883882C9E1A8500519913 /* Resources */,
			);
			buildRules = (
			);
			dependencies = (
			);
			fileSystemSynchronizedGroups = (
				F0D8838C2C9E1A8500519913 /* RestaurantiTi */,
			);
			name = RestaurantiTi;
			packageProductDependencies = (
			);
			productName = RestaurantiTi;
			productReference = F0D8838A2C9E1A8500519913 /* RestaurantiTi.app */;
			productType = "com.apple.product-type.application";
		};
		F0D8839F2C9E1A8800519913 /* RestaurantiTiTests */ = {
			isa = PBXNativeTarget;
			buildConfigurationList = F0D883B82C9E1A8800519913 /* Build configuration list for PBXNativeTarget "RestaurantiTiTests" */;
			buildPhases = (
				F0D8839C2C9E1A8800519913 /* Sources */,
				F0D8839D2C9E1A8800519913 /* Frameworks */,
				F0D8839E2C9E1A8800519913 /* Resources */,
			);
			buildRules = (
			);
			dependencies = (
				F0D883A22C9E1A8800519913 /* PBXTargetDependency */,
			);
			fileSystemSynchronizedGroups = (
				F0D883A32C9E1A8800519913 /* RestaurantiTiTests */,
			);
			name = RestaurantiTiTests;
			packageProductDependencies = (
			);
			productName = RestaurantiTiTests;
			productReference = F0D883A02C9E1A8800519913 /* RestaurantiTiTests.xctest */;
			productType = "com.apple.product-type.bundle.unit-test";
		};
		F0D883A92C9E1A8800519913 /* RestaurantiTiUITests */ = {
			isa = PBXNativeTarget;
			buildConfigurationList = F0D883BB2C9E1A8800519913 /* Build configuration list for PBXNativeTarget "RestaurantiTiUITests" */;
			buildPhases = (
				F0D883A62C9E1A8800519913 /* Sources */,
				F0D883A72C9E1A8800519913 /* Frameworks */,
				F0D883A82C9E1A8800519913 /* Resources */,
			);
			buildRules = (
			);
			dependencies = (
				F0D883AC2C9E1A8800519913 /* PBXTargetDependency */,
			);
			fileSystemSynchronizedGroups = (
				F0D883AD2C9E1A8800519913 /* RestaurantiTiUITests */,
			);
			name = RestaurantiTiUITests;
			packageProductDependencies = (
			);
			productName = RestaurantiTiUITests;
			productReference = F0D883AA2C9E1A8800519913 /* RestaurantiTiUITests.xctest */;
			productType = "com.apple.product-type.bundle.ui-testing";
		};
/* End PBXNativeTarget section */

/* Begin PBXProject section */
		F0D883822C9E1A8400519913 /* Project object */ = {
			isa = PBXProject;
			attributes = {
				BuildIndependentTargetsInParallel = 1;
				LastSwiftUpdateCheck = 1600;
				LastUpgradeCheck = 1600;
				TargetAttributes = {
					F0D883892C9E1A8500519913 = {
						CreatedOnToolsVersion = 16.0;
					};
					F0D8839F2C9E1A8800519913 = {
						CreatedOnToolsVersion = 16.0;
						TestTargetID = F0D883892C9E1A8500519913;
					};
					F0D883A92C9E1A8800519913 = {
						CreatedOnToolsVersion = 16.0;
						TestTargetID = F0D883892C9E1A8500519913;
					};
				};
			};
			buildConfigurationList = F0D883852C9E1A8400519913 /* Build configuration list for PBXProject "RestaurantiTi" */;
			developmentRegion = en;
			hasScannedForEncodings = 0;
			knownRegions = (
				en,
				Base,
			);
			mainGroup = F0D883812C9E1A8400519913;
			minimizedProjectReferenceProxies = 1;
			preferredProjectObjectVersion = 77;
			productRefGroup = F0D8838B2C9E1A8500519913 /* Products */;
			projectDirPath = "";
			projectRoot = "";
			targets = (
				F0D883892C9E1A8500519913 /* RestaurantiTi */,
				F0D8839F2C9E1A8800519913 /* RestaurantiTiTests */,
				F0D883A92C9E1A8800519913 /* RestaurantiTiUITests */,
			);
		};
/* End PBXProject section */

/* Begin PBXResourcesBuildPhase section */
		F0D883882C9E1A8500519913 /* Resources */ = {
			isa = PBXResourcesBuildPhase;
			buildActionMask = 2147483647;
			files = (
			);
			runOnlyForDeploymentPostprocessing = 0;
		};
		F0D8839E2C9E1A8800519913 /* Resources */ = {
			isa = PBXResourcesBuildPhase;
			buildActionMask = 2147483647;
			files = (
			);
			runOnlyForDeploymentPostprocessing = 0;
		};
		F0D883A82C9E1A8800519913 /* Resources */ = {
			isa = PBXResourcesBuildPhase;
			buildActionMask = 2147483647;
			files = (
			);
			runOnlyForDeploymentPostprocessing = 0;
		};
/* End PBXResourcesBuildPhase section */

/* Begin PBXSourcesBuildPhase section */
		F0D883862C9E1A8500519913 /* Sources */ = {
			isa = PBXSourcesBuildPhase;
			buildActionMask = 2147483647;
			files = (
			);
			runOnlyForDeploymentPostprocessing = 0;
		};
		F0D8839C2C9E1A8800519913 /* Sources */ = {
			isa = PBXSourcesBuildPhase;
			buildActionMask = 2147483647;
			files = (
			);
			runOnlyForDeploymentPostprocessing = 0;
		};
		F0D883A62C9E1A8800519913 /* Sources */ = {
			isa = PBXSourcesBuildPhase;
			buildActionMask = 2147483647;
			files = (
			);
			runOnlyForDeploymentPostprocessing = 0;
		};
/* End PBXSourcesBuildPhase section */

/* Begin PBXTargetDependency section */
		F0D883A22C9E1A8800519913 /* PBXTargetDependency */ = {
			isa = PBXTargetDependency;
			target = F0D883892C9E1A8500519913 /* RestaurantiTi */;
			targetProxy = F0D883A12C9E1A8800519913 /* PBXContainerItemProxy */;
		};
		F0D883AC2C9E1A8800519913 /* PBXTargetDependency */ = {
			isa = PBXTargetDependency;
			target = F0D883892C9E1A8500519913 /* RestaurantiTi */;
			targetProxy = F0D883AB2C9E1A8800519913 /* PBXContainerItemProxy */;
		};
/* End PBXTargetDependency section */

/* Begin XCBuildConfiguration section */
		F0D883B42C9E1A8800519913 /* Debug */ = {
			isa = XCBuildConfiguration;
			buildSettings = {
				ASSETCATALOG_COMPILER_APPICON_NAME = AppIcon;
				ASSETCATALOG_COMPILER_GLOBAL_ACCENT_COLOR_NAME = AccentColor;
				CODE_SIGN_STYLE = Automatic;
				CURRENT_PROJECT_VERSION = 1;
				GENERATE_INFOPLIST_FILE = YES;
				INFOPLIST_FILE = RestaurantiTi/Info.plist;
				INFOPLIST_KEY_CFBundleDisplayName = "Restaurant Menu";
				INFOPLIST_KEY_LSApplicationCategoryType = "public.app-category.food-and-drink";
				INFOPLIST_KEY_UIApplicationSupportsIndirectInputEvents = YES;
				INFOPLIST_KEY_UILaunchStoryboardName = LaunchScreen;
				INFOPLIST_KEY_UIMainStoryboardFile = Main;
				INFOPLIST_KEY_UISupportedInterfaceOrientations_iPad = "UIInterfaceOrientationPortrait UIInterfaceOrientationPortraitUpsideDown UIInterfaceOrientationLandscapeLeft UIInterfaceOrientationLandscapeRight";
				INFOPLIST_KEY_UISupportedInterfaceOrientations_iPhone = "UIInterfaceOrientationPortrait UIInterfaceOrientationLandscapeLeft UIInterfaceOrientationLandscapeRight";
				LD_RUNPATH_SEARCH_PATHS = (
					"$(inherited)",
					"@executable_path/Frameworks",
				);
				MARKETING_VERSION = 1.0;
				PRODUCT_BUNDLE_IDENTIFIER = B1.RestaurantiTi;
				PRODUCT_NAME = "$(TARGET_NAME)";
				SUPPORTED_PLATFORMS = "iphoneos iphonesimulator";
				SUPPORTS_MACCATALYST = NO;
				SUPPORTS_MAC_DESIGNED_FOR_IPHONE_IPAD = NO;
				SUPPORTS_XR_DESIGNED_FOR_IPHONE_IPAD = NO;
				SWIFT_EMIT_LOC_STRINGS = YES;
				SWIFT_VERSION = 5.0;
				TARGETED_DEVICE_FAMILY = "1,2";
			};
			name = Debug;
		};
		F0D883B52C9E1A8800519913 /* Release */ = {
			isa = XCBuildConfiguration;
			buildSettings = {
				ASSETCATALOG_COMPILER_APPICON_NAME = AppIcon;
				ASSETCATALOG_COMPILER_GLOBAL_ACCENT_COLOR_NAME = AccentColor;
				CODE_SIGN_STYLE = Automatic;
				CURRENT_PROJECT_VERSION = 1;
				GENERATE_INFOPLIST_FILE = YES;
				INFOPLIST_FILE = RestaurantiTi/Info.plist;
				INFOPLIST_KEY_CFBundleDisplayName = "Restaurant Menu";
				INFOPLIST_KEY_LSApplicationCategoryType = "public.app-category.food-and-drink";
				INFOPLIST_KEY_UIApplicationSupportsIndirectInputEvents = YES;
				INFOPLIST_KEY_UILaunchStoryboardName = LaunchScreen;
				INFOPLIST_KEY_UIMainStoryboardFile = Main;
				INFOPLIST_KEY_UISupportedInterfaceOrientations_iPad = "UIInterfaceOrientationPortrait UIInterfaceOrientationPortraitUpsideDown UIInterfaceOrientationLandscapeLeft UIInterfaceOrientationLandscapeRight";
				INFOPLIST_KEY_UISupportedInterfaceOrientations_iPhone = "UIInterfaceOrientationPortrait UIInterfaceOrientationLandscapeLeft UIInterfaceOrientationLandscapeRight";
				LD_RUNPATH_SEARCH_PATHS = (
					"$(inherited)",
					"@executable_path/Frameworks",
				);
				MARKETING_VERSION = 1.0;
				PRODUCT_BUNDLE_IDENTIFIER = B1.RestaurantiTi;
				PRODUCT_NAME = "$(TARGET_NAME)";
				SUPPORTED_PLATFORMS = "iphoneos iphonesimulator";
				SUPPORTS_MACCATALYST = NO;
				SUPPORTS_MAC_DESIGNED_FOR_IPHONE_IPAD = NO;
				SUPPORTS_XR_DESIGNED_FOR_IPHONE_IPAD = NO;
				SWIFT_EMIT_LOC_STRINGS = YES;
				SWIFT_VERSION = 5.0;
				TARGETED_DEVICE_FAMILY = "1,2";
			};
			name = Release;
		};
		F0D883B62C9E1A8800519913 /* Debug */ = {
			isa = XCBuildConfiguration;
			buildSettings = {
				ALWAYS_SEARCH_USER_PATHS = NO;
				ASSETCATALOG_COMPILER_GENERATE_SWIFT_ASSET_SYMBOL_EXTENSIONS = YES;
				CLANG_ANALYZER_NONNULL = YES;
				CLANG_ANALYZER_NUMBER_OBJECT_CONVERSION = YES_AGGRESSIVE;
				CLANG_CXX_LANGUAGE_STANDARD = "gnu++20";
				CLANG_ENABLE_MODULES = YES;
				CLANG_ENABLE_OBJC_ARC = YES;
				CLANG_ENABLE_OBJC_WEAK = YES;
				CLANG_WARN_BLOCK_CAPTURE_AUTORELEASING = YES;
				CLANG_WARN_BOOL_CONVERSION = YES;
				CLANG_WARN_COMMA = YES;
				CLANG_WARN_CONSTANT_CONVERSION = YES;
				CLANG_WARN_DEPRECATED_OBJC_IMPLEMENTATIONS = YES;
				CLANG_WARN_DIRECT_OBJC_ISA_USAGE = YES_ERROR;
				CLANG_WARN_DOCUMENTATION_COMMENTS = YES;
				CLANG_WARN_EMPTY_BODY = YES;
				CLANG_WARN_ENUM_CONVERSION = YES;
				CLANG_WARN_INFINITE_RECURSION = YES;
				CLANG_WARN_INT_CONVERSION = YES;
				CLANG_WARN_NON_LITERAL_NULL_CONVERSION = YES;
				CLANG_WARN_OBJC_IMPLICIT_RETAIN_SELF = YES;
				CLANG_WARN_OBJC_LITERAL_CONVERSION = YES;
				CLANG_WARN_OBJC_ROOT_CLASS = YES_ERROR;
				CLANG_WARN_QUOTED_INCLUDE_IN_FRAMEWORK_HEADER = YES;
				CLANG_WARN_RANGE_LOOP_ANALYSIS = YES;
				CLANG_WARN_STRICT_PROTOTYPES = YES;
				CLANG_WARN_SUSPICIOUS_MOVE = YES;
				CLANG_WARN_UNGUARDED_AVAILABILITY = YES_AGGRESSIVE;
				CLANG_WARN_UNREACHABLE_CODE = YES;
				CLANG_WARN__DUPLICATE_METHOD_MATCH = YES;
				COPY_PHASE_STRIP = NO;
				DEBUG_INFORMATION_FORMAT = dwarf;
				ENABLE_STRICT_OBJC_MSGSEND = YES;
				ENABLE_TESTABILITY = YES;
				ENABLE_USER_SCRIPT_SANDBOXING = YES;
				GCC_C_LANGUAGE_STANDARD = gnu17;
				GCC_DYNAMIC_NO_PIC = NO;
				GCC_NO_COMMON_BLOCKS = YES;
				GCC_OPTIMIZATION_LEVEL = 0;
				GCC_PREPROCESSOR_DEFINITIONS = (
					"DEBUG=1",
					"$(inherited)",
				);
				GCC_WARN_64_TO_32_BIT_CONVERSION = YES;
				GCC_WARN_ABOUT_RETURN_TYPE = YES_ERROR;
				GCC_WARN_UNDECLARED_SELECTOR = YES;
				GCC_WARN_UNINITIALIZED_AUTOS = YES_AGGRESSIVE;
				GCC_WARN_UNUSED_FUNCTION = YES;
				GCC_WARN_UNUSED_VARIABLE = YES;
				IPHONEOS_DEPLOYMENT_TARGET = 18.0;
				LOCALIZATION_PREFERS_STRING_CATALOGS = YES;
				MTL_ENABLE_DEBUG_INFO = INCLUDE_SOURCE;
				MTL_FAST_MATH = YES;
				ONLY_ACTIVE_ARCH = YES;
				SDKROOT = iphoneos;
				SWIFT_ACTIVE_COMPILATION_CONDITIONS = "DEBUG $(inherited)";
				SWIFT_OPTIMIZATION_LEVEL = "-Onone";
			};
			name = Debug;
		};
		F0D883B72C9E1A8800519913 /* Release */ = {
			isa = XCBuildConfiguration;
			buildSettings = {
				ALWAYS_SEARCH_USER_PATHS = NO;
				ASSETCATALOG_COMPILER_GENERATE_SWIFT_ASSET_SYMBOL_EXTENSIONS = YES;
				CLANG_ANALYZER_NONNULL = YES;
				CLANG_ANALYZER_NUMBER_OBJECT_CONVERSION = YES_AGGRESSIVE;
				CLANG_CXX_LANGUAGE_STANDARD = "gnu++20";
				CLANG_ENABLE_MODULES = YES;
				CLANG_ENABLE_OBJC_ARC = YES;
				CLANG_ENABLE_OBJC_WEAK = YES;
				CLANG_WARN_BLOCK_CAPTURE_AUTORELEASING = YES;
				CLANG_WARN_BOOL_CONVERSION = YES;
				CLANG_WARN_COMMA = YES;
				CLANG_WARN_CONSTANT_CONVERSION = YES;
				CLANG_WARN_DEPRECATED_OBJC_IMPLEMENTATIONS = YES;
				CLANG_WARN_DIRECT_OBJC_ISA_USAGE = YES_ERROR;
				CLANG_WARN_DOCUMENTATION_COMMENTS = YES;
				CLANG_WARN_EMPTY_BODY = YES;
				CLANG_WARN_ENUM_CONVERSION = YES;
				CLANG_WARN_INFINITE_RECURSION = YES;
				CLANG_WARN_INT_CONVERSION = YES;
				CLANG_WARN_NON_LITERAL_NULL_CONVERSION = YES;
				CLANG_WARN_OBJC_IMPLICIT_RETAIN_SELF = YES;
				CLANG_WARN_OBJC_LITERAL_CONVERSION = YES;
				CLANG_WARN_OBJC_ROOT_CLASS = YES_ERROR;
				CLANG_WARN_QUOTED_INCLUDE_IN_FRAMEWORK_HEADER = YES;
				CLANG_WARN_RANGE_LOOP_ANALYSIS = YES;
				CLANG_WARN_STRICT_PROTOTYPES = YES;
				CLANG_WARN_SUSPICIOUS_MOVE = YES;
				CLANG_WARN_UNGUARDED_AVAILABILITY = YES_AGGRESSIVE;
				CLANG_WARN_UNREACHABLE_CODE = YES;
				CLANG_WARN__DUPLICATE_METHOD_MATCH = YES;
				COPY_PHASE_STRIP = NO;
				DEBUG_INFORMATION_FORMAT = "dwarf-with-dsym";
				ENABLE_NS_ASSERTIONS = NO;
				ENABLE_STRICT_OBJC_MSGSEND = YES;
				ENABLE_USER_SCRIPT_SANDBOXING = YES;
				GCC_C_LANGUAGE_STANDARD = gnu17;
				GCC_NO_COMMON_BLOCKS = YES;
				GCC_WARN_64_TO_32_BIT_CONVERSION = YES;
				GCC_WARN_ABOUT_RETURN_TYPE = YES_ERROR;
				GCC_WARN_UNDECLARED_SELECTOR = YES;
				GCC_WARN_UNINITIALIZED_AUTOS = YES_AGGRESSIVE;
				GCC_WARN_UNUSED_FUNCTION = YES;
				GCC_WARN_UNUSED_VARIABLE = YES;
				IPHONEOS_DEPLOYMENT_TARGET = 18.0;
				LOCALIZATION_PREFERS_STRING_CATALOGS = YES;
				MTL_ENABLE_DEBUG_INFO = NO;
				MTL_FAST_MATH = YES;
				SDKROOT = iphoneos;
				SWIFT_COMPILATION_MODE = wholemodule;
				VALIDATE_PRODUCT = YES;
			};
			name = Release;
		};
		F0D883B92C9E1A8800519913 /* Debug */ = {
			isa = XCBuildConfiguration;
			buildSettings = {
				BUNDLE_LOADER = "$(TEST_HOST)";
				CODE_SIGN_STYLE = Automatic;
				CURRENT_PROJECT_VERSION = 1;
				GENERATE_INFOPLIST_FILE = YES;
				IPHONEOS_DEPLOYMENT_TARGET = 18.0;
				MARKETING_VERSION = 1.0;
				PRODUCT_BUNDLE_IDENTIFIER = B1.RestaurantiTiTests;
				PRODUCT_NAME = "$(TARGET_NAME)";
				SWIFT_EMIT_LOC_STRINGS = NO;
				SWIFT_VERSION = 5.0;
				TARGETED_DEVICE_FAMILY = "1,2";
				TEST_HOST = "$(BUILT_PRODUCTS_DIR)/RestaurantiTi.app/$(BUNDLE_EXECUTABLE_FOLDER_PATH)/RestaurantiTi";
			};
			name = Debug;
		};
		F0D883BA2C9E1A8800519913 /* Release */ = {
			isa = XCBuildConfiguration;
			buildSettings = {
				BUNDLE_LOADER = "$(TEST_HOST)";
				CODE_SIGN_STYLE = Automatic;
				CURRENT_PROJECT_VERSION = 1;
				GENERATE_INFOPLIST_FILE = YES;
				IPHONEOS_DEPLOYMENT_TARGET = 18.0;
				MARKETING_VERSION = 1.0;
				PRODUCT_BUNDLE_IDENTIFIER = B1.RestaurantiTiTests;
				PRODUCT_NAME = "$(TARGET_NAME)";
				SWIFT_EMIT_LOC_STRINGS = NO;
				SWIFT_VERSION = 5.0;
				TARGETED_DEVICE_FAMILY = "1,2";
				TEST_HOST = "$(BUILT_PRODUCTS_DIR)/RestaurantiTi.app/$(BUNDLE_EXECUTABLE_FOLDER_PATH)/RestaurantiTi";
			};
			name = Release;
		};
		F0D883BC2C9E1A8800519913 /* Debug */ = {
			isa = XCBuildConfiguration;
			buildSettings = {
				CODE_SIGN_STYLE = Automatic;
				CURRENT_PROJECT_VERSION = 1;
				GENERATE_INFOPLIST_FILE = YES;
				MARKETING_VERSION = 1.0;
				PRODUCT_BUNDLE_IDENTIFIER = B1.RestaurantiTiUITests;
				PRODUCT_NAME = "$(TARGET_NAME)";
				SWIFT_EMIT_LOC_STRINGS = NO;
				SWIFT_VERSION = 5.0;
				TARGETED_DEVICE_FAMILY = "1,2";
				TEST_TARGET_NAME = RestaurantiTi;
			};
			name = Debug;
		};
		F0D883BD2C9E1A8800519913 /* Release */ = {
			isa = XCBuildConfiguration;
			buildSettings = {
				CODE_SIGN_STYLE = Automatic;
				CURRENT_PROJECT_VERSION = 1;
				GENERATE_INFOPLIST_FILE = YES;
				MARKETING_VERSION = 1.0;
				PRODUCT_BUNDLE_IDENTIFIER = B1.RestaurantiTiUITests;
				PRODUCT_NAME = "$(TARGET_NAME)";
				SWIFT_EMIT_LOC_STRINGS = NO;
				SWIFT_VERSION = 5.0;
				TARGETED_DEVICE_FAMILY = "1,2";
				TEST_TARGET_NAME = RestaurantiTi;
			};
			name = Release;
		};
/* End XCBuildConfiguration section */

/* Begin XCConfigurationList section */
		F0D883852C9E1A8400519913 /* Build configuration list for PBXProject "RestaurantiTi" */ = {
			isa = XCConfigurationList;
			buildConfigurations = (
				F0D883B62C9E1A8800519913 /* Debug */,
				F0D883B72C9E1A8800519913 /* Release */,
			);
			defaultConfigurationIsVisible = 0;
			defaultConfigurationName = Release;
		};
		F0D883B32C9E1A8800519913 /* Build configuration list for PBXNativeTarget "RestaurantiTi" */ = {
			isa = XCConfigurationList;
			buildConfigurations = (
				F0D883B42C9E1A8800519913 /* Debug */,
				F0D883B52C9E1A8800519913 /* Release */,
			);
			defaultConfigurationIsVisible = 0;
			defaultConfigurationName = Release;
		};
		F0D883B82C9E1A8800519913 /* Build configuration list for PBXNativeTarget "RestaurantiTiTests" */ = {
			isa = XCConfigurationList;
			buildConfigurations = (
				F0D883B92C9E1A8800519913 /* Debug */,
				F0D883BA2C9E1A8800519913 /* Release */,
			);
			defaultConfigurationIsVisible = 0;
			defaultConfigurationName = Release;
		};
		F0D883BB2C9E1A8800519913 /* Build configuration list for PBXNativeTarget "RestaurantiTiUITests" */ = {
			isa = XCConfigurationList;
			buildConfigurations = (
				F0D883BC2C9E1A8800519913 /* Debug */,
				F0D883BD2C9E1A8800519913 /* Release */,
			);
			defaultConfigurationIsVisible = 0;
			defaultConfigurationName = Release;
		};
/* End XCConfigurationList section */
	};
	rootObject = F0D883822C9E1A8400519913 /* Project object */;
}
